
Microsoft Visual Studio Solution File, Format Version 12.00
# Visual Studio Version 17
VisualStudioVersion = 17.0.31903.59
MinimumVisualStudioVersion = 10.0.40219.1
Project("{FAE04EC0-301F-11D3-BF4B-00C04F79EFBC}") = "Logicc.Api", "Logicc.Api\Logicc.Api.csproj", "{C9F511CC-A04C-46A0-81F4-6AD002D40BC3}"
EndProject
Project("{FAE04EC0-301F-11D3-BF4B-00C04F79EFBC}") = "Logicc.AuditLogLib", "Logicc.AuditLogLib\Logicc.AuditLogLib.csproj", "{51801947-A7FA-46DB-B87B-FBA395721B8A}"
EndProject
Project("{FAE04EC0-301F-11D3-BF4B-00C04F79EFBC}") = "Logicc.VictoriaLogSync", "Logicc.VictoriaLogSync\Logicc.VictoriaLogSync.csproj", "{F4A6292D-BAB2-4A71-B0BE-725B2F78EFDF}"
EndProject
Project("{FAE04EC0-301F-11D3-BF4B-00C04F79EFBC}") = "Logicc.Test", "Logicc.Test\Logicc.Test.csproj", "{BEF1A8C5-2168-4CAA-98EB-880ED34EC9B0}"
EndProject
Global
	GlobalSection(SolutionConfigurationPlatforms) = preSolution
		Debug|Any CPU = Debug|Any CPU
		Debug|x64 = Debug|x64
		Debug|x86 = Debug|x86
		Release|Any CPU = Release|Any CPU
		Release|x64 = Release|x64
		Release|x86 = Release|x86
	EndGlobalSection
	GlobalSection(ProjectConfigurationPlatforms) = postSolution
		{C9F511CC-A04C-46A0-81F4-6AD002D40BC3}.Debug|Any CPU.ActiveCfg = Debug|Any CPU
		{C9F511CC-A04C-46A0-81F4-6AD002D40BC3}.Debug|Any CPU.Build.0 = Debug|Any CPU
		{C9F511CC-A04C-46A0-81F4-6AD002D40BC3}.Debug|x64.ActiveCfg = Debug|Any CPU
		{C9F511CC-A04C-46A0-81F4-6AD002D40BC3}.Debug|x64.Build.0 = Debug|Any CPU
		{C9F511CC-A04C-46A0-81F4-6AD002D40BC3}.Debug|x86.ActiveCfg = Debug|Any CPU
		{C9F511CC-A04C-46A0-81F4-6AD002D40BC3}.Debug|x86.Build.0 = Debug|Any CPU
		{C9F511CC-A04C-46A0-81F4-6AD002D40BC3}.Release|Any CPU.ActiveCfg = Release|Any CPU
		{C9F511CC-A04C-46A0-81F4-6AD002D40BC3}.Release|Any CPU.Build.0 = Release|Any CPU
		{C9F511CC-A04C-46A0-81F4-6AD002D40BC3}.Release|x64.ActiveCfg = Release|Any CPU
		{C9F511CC-A04C-46A0-81F4-6AD002D40BC3}.Release|x64.Build.0 = Release|Any CPU
		{C9F511CC-A04C-46A0-81F4-6AD002D40BC3}.Release|x86.ActiveCfg = Release|Any CPU
		{C9F511CC-A04C-46A0-81F4-6AD002D40BC3}.Release|x86.Build.0 = Release|Any CPU
		{51801947-A7FA-46DB-B87B-FBA395721B8A}.Debug|Any CPU.ActiveCfg = Debug|Any CPU
		{51801947-A7FA-46DB-B87B-FBA395721B8A}.Debug|Any CPU.Build.0 = Debug|Any CPU
		{51801947-A7FA-46DB-B87B-FBA395721B8A}.Debug|x64.ActiveCfg = Debug|Any CPU
		{51801947-A7FA-46DB-B87B-FBA395721B8A}.Debug|x64.Build.0 = Debug|Any CPU
		{51801947-A7FA-46DB-B87B-FBA395721B8A}.Debug|x86.ActiveCfg = Debug|Any CPU
		{51801947-A7FA-46DB-B87B-FBA395721B8A}.Debug|x86.Build.0 = Debug|Any CPU
		{51801947-A7FA-46DB-B87B-FBA395721B8A}.Release|Any CPU.ActiveCfg = Release|Any CPU
		{51801947-A7FA-46DB-B87B-FBA395721B8A}.Release|Any CPU.Build.0 = Release|Any CPU
		{51801947-A7FA-46DB-B87B-FBA395721B8A}.Release|x64.ActiveCfg = Release|Any CPU
		{51801947-A7FA-46DB-B87B-FBA395721B8A}.Release|x64.Build.0 = Release|Any CPU
		{51801947-A7FA-46DB-B87B-FBA395721B8A}.Release|x86.ActiveCfg = Release|Any CPU
		{51801947-A7FA-46DB-B87B-FBA395721B8A}.Release|x86.Build.0 = Release|Any CPU
		{F4A6292D-BAB2-4A71-B0BE-725B2F78EFDF}.Debug|Any CPU.ActiveCfg = Debug|Any CPU
		{F4A6292D-BAB2-4A71-B0BE-725B2F78EFDF}.Debug|Any CPU.Build.0 = Debug|Any CPU
		{F4A6292D-BAB2-4A71-B0BE-725B2F78EFDF}.Debug|x64.ActiveCfg = Debug|Any CPU
		{F4A6292D-BAB2-4A71-B0BE-725B2F78EFDF}.Debug|x64.Build.0 = Debug|Any CPU
		{F4A6292D-BAB2-4A71-B0BE-725B2F78EFDF}.Debug|x86.ActiveCfg = Debug|Any CPU
		{F4A6292D-BAB2-4A71-B0BE-725B2F78EFDF}.Debug|x86.Build.0 = Debug|Any CPU
		{F4A6292D-BAB2-4A71-B0BE-725B2F78EFDF}.Release|Any CPU.ActiveCfg = Release|Any CPU
		{F4A6292D-BAB2-4A71-B0BE-725B2F78EFDF}.Release|Any CPU.Build.0 = Release|Any CPU
		{F4A6292D-BAB2-4A71-B0BE-725B2F78EFDF}.Release|x64.ActiveCfg = Release|Any CPU
		{F4A6292D-BAB2-4A71-B0BE-725B2F78EFDF}.Release|x64.Build.0 = Release|Any CPU
		{F4A6292D-BAB2-4A71-B0BE-725B2F78EFDF}.Release|x86.ActiveCfg = Release|Any CPU
		{F4A6292D-BAB2-4A71-B0BE-725B2F78EFDF}.Release|x86.Build.0 = Release|Any CPU
		{BEF1A8C5-2168-4CAA-98EB-880ED34EC9B0}.Debug|Any CPU.ActiveCfg = Debug|Any CPU
		{BEF1A8C5-2168-4CAA-98EB-880ED34EC9B0}.Debug|Any CPU.Build.0 = Debug|Any CPU
		{BEF1A8C5-2168-4CAA-98EB-880ED34EC9B0}.Debug|x64.ActiveCfg = Debug|Any CPU
		{BEF1A8C5-2168-4CAA-98EB-880ED34EC9B0}.Debug|x64.Build.0 = Debug|Any CPU
		{BEF1A8C5-2168-4CAA-98EB-880ED34EC9B0}.Debug|x86.ActiveCfg = Debug|Any CPU
		{BEF1A8C5-2168-4CAA-98EB-880ED34EC9B0}.Debug|x86.Build.0 = Debug|Any CPU
		{BEF1A8C5-2168-4CAA-98EB-880ED34EC9B0}.Release|Any CPU.ActiveCfg = Release|Any CPU
		{BEF1A8C5-2168-4CAA-98EB-880ED34EC9B0}.Release|Any CPU.Build.0 = Release|Any CPU
		{BEF1A8C5-2168-4CAA-98EB-880ED34EC9B0}.Release|x64.ActiveCfg = Release|Any CPU
		{BEF1A8C5-2168-4CAA-98EB-880ED34EC9B0}.Release|x64.Build.0 = Release|Any CPU
		{BEF1A8C5-2168-4CAA-98EB-880ED34EC9B0}.Release|x86.ActiveCfg = Release|Any CPU
		{BEF1A8C5-2168-4CAA-98EB-880ED34EC9B0}.Release|x86.Build.0 = Release|Any CPU
	EndGlobalSection
	GlobalSection(SolutionProperties) = preSolution
		HideSolutionNode = FALSE
	EndGlobalSection
EndGlobal
